
Microsoft Visual Studio Solution File, Format Version 12.00
# Visual Studio Version 17
VisualStudioVersion = 17.0.31903.59
MinimumVisualStudioVersion = 10.0.40219.1
Project("{2150E333-8FDC-42A3-9474-1A3956D46DE8}") = "src", "src", "{827E0CD3-B72D-47B6-A68D-7590B98EB39B}"
EndProject
Project("{FAE04EC0-301F-11D3-BF4B-00C04F79EFBC}") = "ClashTray.App", "src\ClashTray.App\ClashTray.App.csproj", "{8EE0AABF-7AB7-4E77-B6D4-225F1B29252E}"
EndProject
Project("{FAE04EC0-301F-11D3-BF4B-00C04F79EFBC}") = "ClashTray.Core", "src\ClashTray.Core\ClashTray.Core.csproj", "{77D88078-B4CF-4199-A71C-EFFD7576DCC4}"
EndProject
Project("{FAE04EC0-301F-11D3-BF4B-00C04F79EFBC}") = "ClashTray.Contracts", "src\ClashTray.Contracts\ClashTray.Contracts.csproj", "{63E78FE3-EF80-4D48-A8FA-D7E3E7A2590A}"
EndProject
Project("{FAE04EC0-301F-11D3-BF4B-00C04F79EFBC}") = "ClashTray.Service", "src\ClashTray.Service\ClashTray.Service.csproj", "{BB417D47-FA16-4FFB-B724-9B2A046CEC6E}"
EndProject
Project("{FAE04EC0-301F-11D3-BF4B-00C04F79EFBC}") = "ClashTray.Setup", "src\ClashTray.Setup\ClashTray.Setup.csproj", "{C6F5B4A9-55E3-4B66-9288-5D1E8C6A0E14}"
EndProject
Project("{2150E333-8FDC-42A3-9474-1A3956D46DE8}") = "tests", "tests", "{0AB3BF05-4346-4AA6-1389-037BE0695223}"
EndProject
Project("{FAE04EC0-301F-11D3-BF4B-00C04F79EFBC}") = "ClashTray.Core.Tests", "tests\ClashTray.Core.Tests\ClashTray.Core.Tests.csproj", "{787EB0EE-F2E1-4C86-A750-C7165FABBDB6}"
EndProject
Project("{FAE04EC0-301F-11D3-BF4B-00C04F79EFBC}") = "ClashTray.IntegrationTests", "tests\ClashTray.IntegrationTests\ClashTray.IntegrationTests.csproj", "{527C93DF-640C-479F-9408-0742285BC0BC}"
EndProject
Global
	GlobalSection(SolutionConfigurationPlatforms) = preSolution
		Debug|Any CPU = Debug|Any CPU
		Debug|x64 = Debug|x64
		Debug|x86 = Debug|x86
		Release|Any CPU = Release|Any CPU
		Release|x64 = Release|x64
		Release|x86 = Release|x86
	EndGlobalSection
	GlobalSection(ProjectConfigurationPlatforms) = postSolution
		{8EE0AABF-7AB7-4E77-B6D4-225F1B29252E}.Debug|Any CPU.ActiveCfg = Debug|x64
		{8EE0AABF-7AB7-4E77-B6D4-225F1B29252E}.Debug|Any CPU.Build.0 = Debug|x64
		{8EE0AABF-7AB7-4E77-B6D4-225F1B29252E}.Debug|x64.ActiveCfg = Debug|x64
		{8EE0AABF-7AB7-4E77-B6D4-225F1B29252E}.Debug|x64.Build.0 = Debug|x64
		{8EE0AABF-7AB7-4E77-B6D4-225F1B29252E}.Debug|x86.ActiveCfg = Debug|x64
		{8EE0AABF-7AB7-4E77-B6D4-225F1B29252E}.Debug|x86.Build.0 = Debug|x64
		{8EE0AABF-7AB7-4E77-B6D4-225F1B29252E}.Release|Any CPU.ActiveCfg = Release|x64
		{8EE0AABF-7AB7-4E77-B6D4-225F1B29252E}.Release|Any CPU.Build.0 = Release|x64
		{8EE0AABF-7AB7-4E77-B6D4-225F1B29252E}.Release|x64.ActiveCfg = Release|x64
		{8EE0AABF-7AB7-4E77-B6D4-225F1B29252E}.Release|x64.Build.0 = Release|x64
		{8EE0AABF-7AB7-4E77-B6D4-225F1B29252E}.Release|x86.ActiveCfg = Release|x64
		{8EE0AABF-7AB7-4E77-B6D4-225F1B29252E}.Release|x86.Build.0 = Release|x64
		{77D88078-B4CF-4199-A71C-EFFD7576DCC4}.Debug|Any CPU.ActiveCfg = Debug|Any CPU
		{77D88078-B4CF-4199-A71C-EFFD7576DCC4}.Debug|Any CPU.Build.0 = Debug|Any CPU
		{77D88078-B4CF-4199-A71C-EFFD7576DCC4}.Debug|x64.ActiveCfg = Debug|Any CPU
		{77D88078-B4CF-4199-A71C-EFFD7576DCC4}.Debug|x64.Build.0 = Debug|Any CPU
		{77D88078-B4CF-4199-A71C-EFFD7576DCC4}.Debug|x86.ActiveCfg = Debug|Any CPU
		{77D88078-B4CF-4199-A71C-EFFD7576DCC4}.Debug|x86.Build.0 = Debug|Any CPU
		{77D88078-B4CF-4199-A71C-EFFD7576DCC4}.Release|Any CPU.ActiveCfg = Release|Any CPU
		{77D88078-B4CF-4199-A71C-EFFD7576DCC4}.Release|Any CPU.Build.0 = Release|Any CPU
		{77D88078-B4CF-4199-A71C-EFFD7576DCC4}.Release|x64.ActiveCfg = Release|Any CPU
		{77D88078-B4CF-4199-A71C-EFFD7576DCC4}.Release|x64.Build.0 = Release|Any CPU
		{77D88078-B4CF-4199-A71C-EFFD7576DCC4}.Release|x86.ActiveCfg = Release|Any CPU
		{77D88078-B4CF-4199-A71C-EFFD7576DCC4}.Release|x86.Build.0 = Release|Any CPU
		{63E78FE3-EF80-4D48-A8FA-D7E3E7A2590A}.Debug|Any CPU.ActiveCfg = Debug|Any CPU
		{63E78FE3-EF80-4D48-A8FA-D7E3E7A2590A}.Debug|Any CPU.Build.0 = Debug|Any CPU
		{63E78FE3-EF80-4D48-A8FA-D7E3E7A2590A}.Debug|x64.ActiveCfg = Debug|Any CPU
		{63E78FE3-EF80-4D48-A8FA-D7E3E7A2590A}.Debug|x64.Build.0 = Debug|Any CPU
		{63E78FE3-EF80-4D48-A8FA-D7E3E7A2590A}.Debug|x86.ActiveCfg = Debug|Any CPU
		{63E78FE3-EF80-4D48-A8FA-D7E3E7A2590A}.Debug|x86.Build.0 = Debug|Any CPU
		{63E78FE3-EF80-4D48-A8FA-D7E3E7A2590A}.Release|Any CPU.ActiveCfg = Release|Any CPU
		{63E78FE3-EF80-4D48-A8FA-D7E3E7A2590A}.Release|Any CPU.Build.0 = Release|Any CPU
		{63E78FE3-EF80-4D48-A8FA-D7E3E7A2590A}.Release|x64.ActiveCfg = Release|Any CPU
		{63E78FE3-EF80-4D48-A8FA-D7E3E7A2590A}.Release|x64.Build.0 = Release|Any CPU
		{63E78FE3-EF80-4D48-A8FA-D7E3E7A2590A}.Release|x86.ActiveCfg = Release|Any CPU
		{63E78FE3-EF80-4D48-A8FA-D7E3E7A2590A}.Release|x86.Build.0 = Release|Any CPU
		{BB417D47-FA16-4FFB-B724-9B2A046CEC6E}.Debug|Any CPU.ActiveCfg = Debug|Any CPU
		{BB417D47-FA16-4FFB-B724-9B2A046CEC6E}.Debug|Any CPU.Build.0 = Debug|Any CPU
		{BB417D47-FA16-4FFB-B724-9B2A046CEC6E}.Debug|x64.ActiveCfg = Debug|Any CPU
		{BB417D47-FA16-4FFB-B724-9B2A046CEC6E}.Debug|x64.Build.0 = Debug|Any CPU
		{BB417D47-FA16-4FFB-B724-9B2A046CEC6E}.Debug|x86.ActiveCfg = Debug|Any CPU
		{BB417D47-FA16-4FFB-B724-9B2A046CEC6E}.Debug|x86.Build.0 = Debug|Any CPU
		{BB417D47-FA16-4FFB-B724-9B2A046CEC6E}.Release|Any CPU.ActiveCfg = Release|Any CPU
		{BB417D47-FA16-4FFB-B724-9B2A046CEC6E}.Release|Any CPU.Build.0 = Release|Any CPU
		{BB417D47-FA16-4FFB-B724-9B2A046CEC6E}.Release|x64.ActiveCfg = Release|Any CPU
		{BB417D47-FA16-4FFB-B724-9B2A046CEC6E}.Release|x64.Build.0 = Release|Any CPU
		{BB417D47-FA16-4FFB-B724-9B2A046CEC6E}.Release|x86.ActiveCfg = Release|Any CPU
		{BB417D47-FA16-4FFB-B724-9B2A046CEC6E}.Release|x86.Build.0 = Release|Any CPU
		{C6F5B4A9-55E3-4B66-9288-5D1E8C6A0E14}.Debug|Any CPU.ActiveCfg = Debug|x64
		{C6F5B4A9-55E3-4B66-9288-5D1E8C6A0E14}.Debug|Any CPU.Build.0 = Debug|x64
		{C6F5B4A9-55E3-4B66-9288-5D1E8C6A0E14}.Debug|x64.ActiveCfg = Debug|x64
		{C6F5B4A9-55E3-4B66-9288-5D1E8C6A0E14}.Debug|x64.Build.0 = Debug|x64
		{C6F5B4A9-55E3-4B66-9288-5D1E8C6A0E14}.Debug|x86.ActiveCfg = Debug|x64
		{C6F5B4A9-55E3-4B66-9288-5D1E8C6A0E14}.Debug|x86.Build.0 = Debug|x64
		{C6F5B4A9-55E3-4B66-9288-5D1E8C6A0E14}.Release|Any CPU.ActiveCfg = Release|x64
		{C6F5B4A9-55E3-4B66-9288-5D1E8C6A0E14}.Release|Any CPU.Build.0 = Release|x64
		{C6F5B4A9-55E3-4B66-9288-5D1E8C6A0E14}.Release|x64.ActiveCfg = Release|x64
		{C6F5B4A9-55E3-4B66-9288-5D1E8C6A0E14}.Release|x64.Build.0 = Release|x64
		{C6F5B4A9-55E3-4B66-9288-5D1E8C6A0E14}.Release|x86.ActiveCfg = Release|x64
		{C6F5B4A9-55E3-4B66-9288-5D1E8C6A0E14}.Release|x86.Build.0 = Release|x64
		{787EB0EE-F2E1-4C86-A750-C7165FABBDB6}.Debug|Any CPU.ActiveCfg = Debug|Any CPU
		{787EB0EE-F2E1-4C86-A750-C7165FABBDB6}.Debug|Any CPU.Build.0 = Debug|Any CPU
		{787EB0EE-F2E1-4C86-A750-C7165FABBDB6}.Debug|x64.ActiveCfg = Debug|Any CPU
		{787EB0EE-F2E1-4C86-A750-C7165FABBDB6}.Debug|x64.Build.0 = Debug|Any CPU
		{787EB0EE-F2E1-4C86-A750-C7165FABBDB6}.Debug|x86.ActiveCfg = Debug|Any CPU
		{787EB0EE-F2E1-4C86-A750-C7165FABBDB6}.Debug|x86.Build.0 = Debug|Any CPU
		{787EB0EE-F2E1-4C86-A750-C7165FABBDB6}.Release|Any CPU.ActiveCfg = Release|Any CPU
		{787EB0EE-F2E1-4C86-A750-C7165FABBDB6}.Release|Any CPU.Build.0 = Release|Any CPU
		{787EB0EE-F2E1-4C86-A750-C7165FABBDB6}.Release|x64.ActiveCfg = Release|Any CPU
		{787EB0EE-F2E1-4C86-A750-C7165FABBDB6}.Release|x64.Build.0 = Release|Any CPU
		{787EB0EE-F2E1-4C86-A750-C7165FABBDB6}.Release|x86.ActiveCfg = Release|Any CPU
		{787EB0EE-F2E1-4C86-A750-C7165FABBDB6}.Release|x86.Build.0 = Release|Any CPU
		{527C93DF-640C-479F-9408-0742285BC0BC}.Debug|Any CPU.ActiveCfg = Debug|Any CPU
		{527C93DF-640C-479F-9408-0742285BC0BC}.Debug|Any CPU.Build.0 = Debug|Any CPU
		{527C93DF-640C-479F-9408-0742285BC0BC}.Debug|x64.ActiveCfg = Debug|Any CPU
		{527C93DF-640C-479F-9408-0742285BC0BC}.Debug|x64.Build.0 = Debug|Any CPU
		{527C93DF-640C-479F-9408-0742285BC0BC}.Debug|x86.ActiveCfg = Debug|Any CPU
		{527C93DF-640C-479F-9408-0742285BC0BC}.Debug|x86.Build.0 = Debug|Any CPU
		{527C93DF-640C-479F-9408-0742285BC0BC}.Release|Any CPU.ActiveCfg = Release|Any CPU
		{527C93DF-640C-479F-9408-0742285BC0BC}.Release|Any CPU.Build.0 = Release|Any CPU
		{527C93DF-640C-479F-9408-0742285BC0BC}.Release|x64.ActiveCfg = Release|Any CPU
		{527C93DF-640C-479F-9408-0742285BC0BC}.Release|x64.Build.0 = Release|Any CPU
		{527C93DF-640C-479F-9408-0742285BC0BC}.Release|x86.ActiveCfg = Release|Any CPU
		{527C93DF-640C-479F-9408-0742285BC0BC}.Release|x86.Build.0 = Release|Any CPU
	EndGlobalSection
	GlobalSection(SolutionProperties) = preSolution
		HideSolutionNode = FALSE
	EndGlobalSection
	GlobalSection(NestedProjects) = preSolution
		{8EE0AABF-7AB7-4E77-B6D4-225F1B29252E} = {827E0CD3-B72D-47B6-A68D-7590B98EB39B}
		{77D88078-B4CF-4199-A71C-EFFD7576DCC4} = {827E0CD3-B72D-47B6-A68D-7590B98EB39B}
		{63E78FE3-EF80-4D48-A8FA-D7E3E7A2590A} = {827E0CD3-B72D-47B6-A68D-7590B98EB39B}
		{BB417D47-FA16-4FFB-B724-9B2A046CEC6E} = {827E0CD3-B72D-47B6-A68D-7590B98EB39B}
		{C6F5B4A9-55E3-4B66-9288-5D1E8C6A0E14} = {827E0CD3-B72D-47B6-A68D-7590B98EB39B}
		{787EB0EE-F2E1-4C86-A750-C7165FABBDB6} = {0AB3BF05-4346-4AA6-1389-037BE0695223}
		{527C93DF-640C-479F-9408-0742285BC0BC} = {0AB3BF05-4346-4AA6-1389-037BE0695223}
	EndGlobalSection
EndGlobal
